
Microsoft Visual Studio Solution File, Format Version 12.00
# Visual Studio 15
VisualStudioVersion = 15.0.27130.2010
MinimumVisualStudioVersion = 10.0.40219.1
Project("{FAE04EC0-301F-11D3-BF4B-00C04F79EFBC}") = "TMClient", "N5TMScrapper\TMClient.csproj", "{B24DB224-F606-4EA5-85C3-1E555F7FE3D3}"
EndProject
Global
	GlobalSection(SolutionConfigurationPlatforms) = preSolution
		Debug|Any CPU = Debug|Any CPU
		Release|Any CPU = Release|Any CPU
	EndGlobalSection
	GlobalSection(ProjectConfigurationPlatforms) = postSolution
		{B24DB224-F606-4EA5-85C3-1E555F7FE3D3}.Debug|Any CPU.ActiveCfg = Debug|Any CPU
		{B24DB224-F606-4EA5-85C3-1E555F7FE3D3}.Debug|Any CPU.Build.0 = Debug|Any CPU
		{B24DB224-F606-4EA5-85C3-1E555F7FE3D3}.Release|Any CPU.ActiveCfg = Release|Any CPU
		{B24DB224-F606-4EA5-85C3-1E555F7FE3D3}.Release|Any CPU.Build.0 = Release|Any CPU
	EndGlobalSection
	GlobalSection(SolutionProperties) = preSolution
		HideSolutionNode = FALSE
	EndGlobalSection
	GlobalSection(ExtensibilityGlobals) = postSolution
		SolutionGuid = {0F3B85E9-957C-4461-8B01-087184639E55}
	EndGlobalSection
EndGlobal
